
Microsoft Visual Studio Solution File, Format Version 12.00
# Visual Studio Version 16
VisualStudioVersion = 16.0.30523.141
MinimumVisualStudioVersion = 10.0.40219.1
Project("{FAE04EC0-301F-11D3-BF4B-00C04F79EFBC}") = "EnterpriseTaskManager", "EnterpriseTaskManager\EnterpriseTaskManager.csproj", "{3FB00416-2161-403F-B1DD-9FC2E2A70F52}"
EndProject
Global
	GlobalSection(SolutionConfigurationPlatforms) = preSolution
		Debug|Any CPU = Debug|Any CPU
		Release|Any CPU = Release|Any CPU
	EndGlobalSection
	GlobalSection(ProjectConfigurationPlatforms) = postSolution
		{3FB00416-2161-403F-B1DD-9FC2E2A70F52}.Debug|Any CPU.ActiveCfg = Debug|Any CPU
		{3FB00416-2161-403F-B1DD-9FC2E2A70F52}.Debug|Any CPU.Build.0 = Debug|Any CPU
		{3FB00416-2161-403F-B1DD-9FC2E2A70F52}.Release|Any CPU.ActiveCfg = Release|Any CPU
		{3FB00416-2161-403F-B1DD-9FC2E2A70F52}.Release|Any CPU.Build.0 = Release|Any CPU
	EndGlobalSection
	GlobalSection(SolutionProperties) = preSolution
		HideSolutionNode = FALSE
	EndGlobalSection
	GlobalSection(ExtensibilityGlobals) = postSolution
		SolutionGuid = {930159F6-D919-4C77-8061-918430435B00}
	EndGlobalSection
EndGlobal
